// !$*UTF8*$!
{
	archiveVersion = 1;
	classes = {
	};
	objectVersion = 56;
	objects = {

/* Begin PBXBuildFile section */
		230784162A981CD200B8317F /* AppDelegate.swift in Sources */ = {isa = PBXBuildFile; fileRef = 230784152A981CD200B8317F /* AppDelegate.swift */; };
		230784182A981CD200B8317F /* SceneDelegate.swift in Sources */ = {isa = PBXBuildFile; fileRef = 230784172A981CD200B8317F /* SceneDelegate.swift */; };
		2307841A2A981CD200B8317F /* ViewController.swift in Sources */ = {isa = PBXBuildFile; fileRef = 230784192A981CD200B8317F /* ViewController.swift */; };
		2307841D2A981CD200B8317F /* Main.storyboard in Resources */ = {isa = PBXBuildFile; fileRef = 2307841B2A981CD200B8317F /* Main.storyboard */; };
		2307841F2A981CD300B8317F /* Assets.xcassets in Resources */ = {isa = PBXBuildFile; fileRef = 2307841E2A981CD300B8317F /* Assets.xcassets */; };
		230784222A981CD300B8317F /* LaunchScreen.storyboard in Resources */ = {isa = PBXBuildFile; fileRef = 230784202A981CD300B8317F /* LaunchScreen.storyboard */; };
		2307842D2A981CD300B8317F /* Hackwich_1Tests.swift in Sources */ = {isa = PBXBuildFile; fileRef = 2307842C2A981CD300B8317F /* Hackwich_1Tests.swift */; };
		230784372A981CD300B8317F /* Hackwich_1UITests.swift in Sources */ = {isa = PBXBuildFile; fileRef = 230784362A981CD300B8317F /* Hackwich_1UITests.swift */; };
		230784392A981CD300B8317F /* Hackwich_1UITestsLaunchTests.swift in Sources */ = {isa = PBXBuildFile; fileRef = 230784382A981CD300B8317F /* Hackwich_1UITestsLaunchTests.swift */; };
/* End PBXBuildFile section */

/* Begin PBXContainerItemProxy section */
		230784292A981CD300B8317F /* PBXContainerItemProxy */ = {
			isa = PBXContainerItemProxy;
			containerPortal = 2307840A2A981CD200B8317F /* Project object */;
			proxyType = 1;
			remoteGlobalIDString = 230784112A981CD200B8317F;
			remoteInfo = "Hackwich 1";
		};
		230784332A981CD300B8317F /* PBXContainerItemProxy */ = {
			isa = PBXContainerItemProxy;
			containerPortal = 2307840A2A981CD200B8317F /* Project object */;
			proxyType = 1;
			remoteGlobalIDString = 230784112A981CD200B8317F;
			remoteInfo = "Hackwich 1";
		};
/* End PBXContainerItemProxy section */

/* Begin PBXFileReference section */
		230784122A981CD200B8317F /* Hackwich 1.app */ = {isa = PBXFileReference; explicitFileType = wrapper.application; includeInIndex = 0; path = "Hackwich 1.app"; sourceTree = BUILT_PRODUCTS_DIR; };
		230784152A981CD200B8317F /* AppDelegate.swift */ = {isa = PBXFileReference; lastKnownFileType = sourcecode.swift; path = AppDelegate.swift; sourceTree = "<group>"; };
		230784172A981CD200B8317F /* SceneDelegate.swift */ = {isa = PBXFileReference; lastKnownFileType = sourcecode.swift; path = SceneDelegate.swift; sourceTree = "<group>"; };
		230784192A981CD200B8317F /* ViewController.swift */ = {isa = PBXFileReference; lastKnownFileType = sourcecode.swift; path = ViewController.swift; sourceTree = "<group>"; };
		2307841C2A981CD200B8317F /* Base */ = {isa = PBXFileReference; lastKnownFileType = file.storyboard; name = Base; path = Base.lproj/Main.storyboard; sourceTree = "<group>"; };
		2307841E2A981CD300B8317F /* Assets.xcassets */ = {isa = PBXFileReference; lastKnownFileType = folder.assetcatalog; path = Assets.xcassets; sourceTree = "<group>"; };
		230784212A981CD300B8317F /* Base */ = {isa = PBXFileReference; lastKnownFileType = file.storyboard; name = Base; path = Base.lproj/LaunchScreen.storyboard; sourceTree = "<group>"; };
		230784232A981CD300B8317F /* Info.plist */ = {isa = PBXFileReference; lastKnownFileType = text.plist.xml; path = Info.plist; sourceTree = "<group>"; };
		230784282A981CD300B8317F /* Hackwich 1Tests.xctest */ = {isa = PBXFileReference; explicitFileType = wrapper.cfbundle; includeInIndex = 0; path = "Hackwich 1Tests.xctest"; sourceTree = BUILT_PRODUCTS_DIR; };
		2307842C2A981CD300B8317F /* Hackwich_1Tests.swift */ = {isa = PBXFileReference; lastKnownFileType = sourcecode.swift; path = Hackwich_1Tests.swift; sourceTree = "<group>"; };
		230784322A981CD300B8317F /* Hackwich 1UITests.xctest */ = {isa = PBXFileReference; explicitFileType = wrapper.cfbundle; includeInIndex = 0; path = "Hackwich 1UITests.xctest"; sourceTree = BUILT_PRODUCTS_DIR; };
		230784362A981CD300B8317F /* Hackwich_1UITests.swift */ = {isa = PBXFileReference; lastKnownFileType = sourcecode.swift; path = Hackwich_1UITests.swift; sourceTree = "<group>"; };
		230784382A981CD300B8317F /* Hackwich_1UITestsLaunchTests.swift */ = {isa = PBXFileReference; lastKnownFileType = sourcecode.swift; path = Hackwich_1UITestsLaunchTests.swift; sourceTree = "<group>"; };
/* End PBXFileReference section */

/* Begin PBXFrameworksBuildPhase section */
		2307840F2A981CD200B8317F /* Frameworks */ = {
			isa = PBXFrameworksBuildPhase;
			buildActionMask = 2147483647;
			files = (
			);
			runOnlyForDeploymentPostprocessing = 0;
		};
		230784252A981CD300B8317F /* Frameworks */ = {
			isa = PBXFrameworksBuildPhase;
			buildActionMask = 2147483647;
			files = (
			);
			runOnlyForDeploymentPostprocessing = 0;
		};
		2307842F2A981CD300B8317F /* Frameworks */ = {
			isa = PBXFrameworksBuildPhase;
			buildActionMask = 2147483647;
			files = (
			);
			runOnlyForDeploymentPostprocessing = 0;
		};
/* End PBXFrameworksBuildPhase section */

/* Begin PBXGroup section */
		230784092A981CD200B8317F = {
			isa = PBXGroup;
			children = (
				230784142A981CD200B8317F /* Hackwich 1 */,
				2307842B2A981CD300B8317F /* Hackwich 1Tests */,
				230784352A981CD300B8317F /* Hackwich 1UITests */,
				230784132A981CD200B8317F /* Products */,
			);
			sourceTree = "<group>";
		};
		230784132A981CD200B8317F /* Products */ = {
			isa = PBXGroup;
			children = (
				230784122A981CD200B8317F /* Hackwich 1.app */,
				230784282A981CD300B8317F /* Hackwich 1Tests.xctest */,
				230784322A981CD300B8317F /* Hackwich 1UITests.xctest */,
			);
			name = Products;
			sourceTree = "<group>";
		};
		230784142A981CD200B8317F /* Hackwich 1 */ = {
			isa = PBXGroup;
			children = (
				230784152A981CD200B8317F /* AppDelegate.swift */,
				230784172A981CD200B8317F /* SceneDelegate.swift */,
				230784192A981CD200B8317F /* ViewController.swift */,
				2307841B2A981CD200B8317F /* Main.storyboard */,
				2307841E2A981CD300B8317F /* Assets.xcassets */,
				230784202A981CD300B8317F /* LaunchScreen.storyboard */,
				230784232A981CD300B8317F /* Info.plist */,
			);
			path = "Hackwich 1";
			sourceTree = "<group>";
		};
		2307842B2A981CD300B8317F /* Hackwich 1Tests */ = {
			isa = PBXGroup;
			children = (
				2307842C2A981CD300B8317F /* Hackwich_1Tests.swift */,
			);
			path = "Hackwich 1Tests";
			sourceTree = "<group>";
		};
		230784352A981CD300B8317F /* Hackwich 1UITests */ = {
			isa = PBXGroup;
			children = (
				230784362A981CD300B8317F /* Hackwich_1UITests.swift */,
				230784382A981CD300B8317F /* Hackwich_1UITestsLaunchTests.swift */,
			);
			path = "Hackwich 1UITests";
			sourceTree = "<group>";
		};
/* End PBXGroup section */

/* Begin PBXNativeTarget section */
		230784112A981CD200B8317F /* Hackwich 1 */ = {
			isa = PBXNativeTarget;
			buildConfigurationList = 2307843C2A981CD300B8317F /* Build configuration list for PBXNativeTarget "Hackwich 1" */;
			buildPhases = (
				2307840E2A981CD200B8317F /* Sources */,
				2307840F2A981CD200B8317F /* Frameworks */,
				230784102A981CD200B8317F /* Resources */,
			);
			buildRules = (
			);
			dependencies = (
			);
			name = "Hackwich 1";
			productName = "Hackwich 1";
			productReference = 230784122A981CD200B8317F /* Hackwich 1.app */;
			productType = "com.apple.product-type.application";
		};
		230784272A981CD300B8317F /* Hackwich 1Tests */ = {
			isa = PBXNativeTarget;
			buildConfigurationList = 2307843F2A981CD300B8317F /* Build configuration list for PBXNativeTarget "Hackwich 1Tests" */;
			buildPhases = (
				230784242A981CD300B8317F /* Sources */,
				230784252A981CD300B8317F /* Frameworks */,
				230784262A981CD300B8317F /* Resources */,
			);
			buildRules = (
			);
			dependencies = (
				2307842A2A981CD300B8317F /* PBXTargetDependency */,
			);
			name = "Hackwich 1Tests";
			productName = "Hackwich 1Tests";
			productReference = 230784282A981CD300B8317F /* Hackwich 1Tests.xctest */;
			productType = "com.apple.product-type.bundle.unit-test";
		};
		230784312A981CD300B8317F /* Hackwich 1UITests */ = {
			isa = PBXNativeTarget;
			buildConfigurationList = 230784422A981CD300B8317F /* Build configuration list for PBXNativeTarget "Hackwich 1UITests" */;
			buildPhases = (
				2307842E2A981CD300B8317F /* Sources */,
				2307842F2A981CD300B8317F /* Frameworks */,
				230784302A981CD300B8317F /* Resources */,
			);
			buildRules = (
			);
			dependencies = (
				230784342A981CD300B8317F /* PBXTargetDependency */,
			);
			name = "Hackwich 1UITests";
			productName = "Hackwich 1UITests";
			productReference = 230784322A981CD300B8317F /* Hackwich 1UITests.xctest */;
			productType = "com.apple.product-type.bundle.ui-testing";
		};
/* End PBXNativeTarget section */

/* Begin PBXProject section */
		2307840A2A981CD200B8317F /* Project object */ = {
			isa = PBXProject;
			attributes = {
				BuildIndependentTargetsInParallel = 1;
				LastSwiftUpdateCheck = 1430;
				LastUpgradeCheck = 1430;
				TargetAttributes = {
					230784112A981CD200B8317F = {
						CreatedOnToolsVersion = 14.3.1;
					};
					230784272A981CD300B8317F = {
						CreatedOnToolsVersion = 14.3.1;
						TestTargetID = 230784112A981CD200B8317F;
					};
					230784312A981CD300B8317F = {
						CreatedOnToolsVersion = 14.3.1;
						TestTargetID = 230784112A981CD200B8317F;
					};
				};
			};
			buildConfigurationList = 2307840D2A981CD200B8317F /* Build configuration list for PBXProject "Hackwich 1" */;
			compatibilityVersion = "Xcode 14.0";
			developmentRegion = en;
			hasScannedForEncodings = 0;
			knownRegions = (
				en,
				Base,
			);
			mainGroup = 230784092A981CD200B8317F;
			productRefGroup = 230784132A981CD200B8317F /* Products */;
			projectDirPath = "";
			projectRoot = "";
			targets = (
				230784112A981CD200B8317F /* Hackwich 1 */,
				230784272A981CD300B8317F /* Hackwich 1Tests */,
				230784312A981CD300B8317F /* Hackwich 1UITests */,
			);
		};
/* End PBXProject section */

/* Begin PBXResourcesBuildPhase section */
		230784102A981CD200B8317F /* Resources */ = {
			isa = PBXResourcesBuildPhase;
			buildActionMask = 2147483647;
			files = (
				230784222A981CD300B8317F /* LaunchScreen.storyboard in Resources */,
				2307841F2A981CD300B8317F /* Assets.xcassets in Resources */,
				2307841D2A981CD200B8317F /* Main.storyboard in Resources */,
			);
			runOnlyForDeploymentPostprocessing = 0;
		};
		230784262A981CD300B8317F /* Resources */ = {
			isa = PBXResourcesBuildPhase;
			buildActionMask = 2147483647;
			files = (
			);
			runOnlyForDeploymentPostprocessing = 0;
		};
		230784302A981CD300B8317F /* Resources */ = {
			isa = PBXResourcesBuildPhase;
			buildActionMask = 2147483647;
			files = (
			);
			runOnlyForDeploymentPostprocessing = 0;
		};
/* End PBXResourcesBuildPhase section */

/* Begin PBXSourcesBuildPhase section */
		2307840E2A981CD200B8317F /* Sources */ = {
			isa = PBXSourcesBuildPhase;
			buildActionMask = 2147483647;
			files = (
				2307841A2A981CD200B8317F /* ViewController.swift in Sources */,
				230784162A981CD200B8317F /* AppDelegate.swift in Sources */,
				230784182A981CD200B8317F /* SceneDelegate.swift in Sources */,
			);
			runOnlyForDeploymentPostprocessing = 0;
		};
		230784242A981CD300B8317F /* Sources */ = {
			isa = PBXSourcesBuildPhase;
			buildActionMask = 2147483647;
			files = (
				2307842D2A981CD300B8317F /* Hackwich_1Tests.swift in Sources */,
			);
			runOnlyForDeploymentPostprocessing = 0;
		};
		2307842E2A981CD300B8317F /* Sources */ = {
			isa = PBXSourcesBuildPhase;
			buildActionMask = 2147483647;
			files = (
				230784392A981CD300B8317F /* Hackwich_1UITestsLaunchTests.swift in Sources */,
				230784372A981CD300B8317F /* Hackwich_1UITests.swift in Sources */,
			);
			runOnlyForDeploymentPostprocessing = 0;
		};
/* End PBXSourcesBuildPhase section */

/* Begin PBXTargetDependency section */
		2307842A2A981CD300B8317F /* PBXTargetDependency */ = {
			isa = PBXTargetDependency;
			target = 230784112A981CD200B8317F /* Hackwich 1 */;
			targetProxy = 230784292A981CD300B8317F /* PBXContainerItemProxy */;
		};
		230784342A981CD300B8317F /* PBXTargetDependency */ = {
			isa = PBXTargetDependency;
			target = 230784112A981CD200B8317F /* Hackwich 1 */;
			targetProxy = 230784332A981CD300B8317F /* PBXContainerItemProxy */;
		};
/* End PBXTargetDependency section */

/* Begin PBXVariantGroup section */
		2307841B2A981CD200B8317F /* Main.storyboard */ = {
			isa = PBXVariantGroup;
			children = (
				2307841C2A981CD200B8317F /* Base */,
			);
			name = Main.storyboard;
			sourceTree = "<group>";
		};
		230784202A981CD300B8317F /* LaunchScreen.storyboard */ = {
			isa = PBXVariantGroup;
			children = (
				230784212A981CD300B8317F /* Base */,
			);
			name = LaunchScreen.storyboard;
			sourceTree = "<group>";
		};
/* End PBXVariantGroup section */

/* Begin XCBuildConfiguration section */
		2307843A2A981CD300B8317F /* Debug */ = {
			isa = XCBuildConfiguration;
			buildSettings = {
				ALWAYS_SEARCH_USER_PATHS = NO;
				CLANG_ANALYZER_NONNULL = YES;
				CLANG_ANALYZER_NUMBER_OBJECT_CONVERSION = YES_AGGRESSIVE;
				CLANG_CXX_LANGUAGE_STANDARD = "gnu++20";
				CLANG_ENABLE_MODULES = YES;
				CLANG_ENABLE_OBJC_ARC = YES;
				CLANG_ENABLE_OBJC_WEAK = YES;
				CLANG_WARN_BLOCK_CAPTURE_AUTORELEASING = YES;
				CLANG_WARN_BOOL_CONVERSION = YES;
				CLANG_WARN_COMMA = YES;
				CLANG_WARN_CONSTANT_CONVERSION = YES;
				CLANG_WARN_DEPRECATED_OBJC_IMPLEMENTATIONS = YES;
				CLANG_WARN_DIRECT_OBJC_ISA_USAGE = YES_ERROR;
				CLANG_WARN_DOCUMENTATION_COMMENTS = YES;
				CLANG_WARN_EMPTY_BODY = YES;
				CLANG_WARN_ENUM_CONVERSION = YES;
				CLANG_WARN_INFINITE_RECURSION = YES;
				CLANG_WARN_INT_CONVERSION = YES;
				CLANG_WARN_NON_LITERAL_NULL_CONVERSION = YES;
				CLANG_WARN_OBJC_IMPLICIT_RETAIN_SELF = YES;
				CLANG_WARN_OBJC_LITERAL_CONVERSION = YES;
				CLANG_WARN_OBJC_ROOT_CLASS = YES_ERROR;
				CLANG_WARN_QUOTED_INCLUDE_IN_FRAMEWORK_HEADER = YES;
				CLANG_WARN_RANGE_LOOP_ANALYSIS = YES;
				CLANG_WARN_STRICT_PROTOTYPES = YES;
				CLANG_WARN_SUSPICIOUS_MOVE = YES;
				CLANG_WARN_UNGUARDED_AVAILABILITY = YES_AGGRESSIVE;
				CLANG_WARN_UNREACHABLE_CODE = YES;
				CLANG_WARN__DUPLICATE_METHOD_MATCH = YES;
				COPY_PHASE_STRIP = NO;
				DEBUG_INFORMATION_FORMAT = dwarf;
				ENABLE_STRICT_OBJC_MSGSEND = YES;
				ENABLE_TESTABILITY = YES;
				GCC_C_LANGUAGE_STANDARD = gnu11;
				GCC_DYNAMIC_NO_PIC = NO;
				GCC_NO_COMMON_BLOCKS = YES;
				GCC_OPTIMIZATION_LEVEL = 0;
				GCC_PREPROCESSOR_DEFINITIONS = (
					"DEBUG=1",
					"$(inherited)",
				);
				GCC_WARN_64_TO_32_BIT_CONVERSION = YES;
				GCC_WARN_ABOUT_RETURN_TYPE = YES_ERROR;
				GCC_WARN_UNDECLARED_SELECTOR = YES;
				GCC_WARN_UNINITIALIZED_AUTOS = YES_AGGRESSIVE;
				GCC_WARN_UNUSED_FUNCTION = YES;
				GCC_WARN_UNUSED_VARIABLE = YES;
				IPHONEOS_DEPLOYMENT_TARGET = 16.4;
				MTL_ENABLE_DEBUG_INFO = INCLUDE_SOURCE;
				MTL_FAST_MATH = YES;
				ONLY_ACTIVE_ARCH = YES;
				SDKROOT = iphoneos;
				SWIFT_ACTIVE_COMPILATION_CONDITIONS = DEBUG;
				SWIFT_OPTIMIZATION_LEVEL = "-Onone";
			};
			name = Debug;
		};
		2307843B2A981CD300B8317F /* Release */ = {
			isa = XCBuildConfiguration;
			buildSettings = {
				ALWAYS_SEARCH_USER_PATHS = NO;
				CLANG_ANALYZER_NONNULL = YES;
				CLANG_ANALYZER_NUMBER_OBJECT_CONVERSION = YES_AGGRESSIVE;
				CLANG_CXX_LANGUAGE_STANDARD = "gnu++20";
				CLANG_ENABLE_MODULES = YES;
				CLANG_ENABLE_OBJC_ARC = YES;
				CLANG_ENABLE_OBJC_WEAK = YES;
				CLANG_WARN_BLOCK_CAPTURE_AUTORELEASING = YES;
				CLANG_WARN_BOOL_CONVERSION = YES;
				CLANG_WARN_COMMA = YES;
				CLANG_WARN_CONSTANT_CONVERSION = YES;
				CLANG_WARN_DEPRECATED_OBJC_IMPLEMENTATIONS = YES;
				CLANG_WARN_DIRECT_OBJC_ISA_USAGE = YES_ERROR;
				CLANG_WARN_DOCUMENTATION_COMMENTS = YES;
				CLANG_WARN_EMPTY_BODY = YES;
				CLANG_WARN_ENUM_CONVERSION = YES;
				CLANG_WARN_INFINITE_RECURSION = YES;
				CLANG_WARN_INT_CONVERSION = YES;
				CLANG_WARN_NON_LITERAL_NULL_CONVERSION = YES;
				CLANG_WARN_OBJC_IMPLICIT_RETAIN_SELF = YES;
				CLANG_WARN_OBJC_LITERAL_CONVERSION = YES;
				CLANG_WARN_OBJC_ROOT_CLASS = YES_ERROR;
				CLANG_WARN_QUOTED_INCLUDE_IN_FRAMEWORK_HEADER = YES;
				CLANG_WARN_RANGE_LOOP_ANALYSIS = YES;
				CLANG_WARN_STRICT_PROTOTYPES = YES;
				CLANG_WARN_SUSPICIOUS_MOVE = YES;
				CLANG_WARN_UNGUARDED_AVAILABILITY = YES_AGGRESSIVE;
				CLANG_WARN_UNREACHABLE_CODE = YES;
				CLANG_WARN__DUPLICATE_METHOD_MATCH = YES;
				COPY_PHASE_STRIP = NO;
				DEBUG_INFORMATION_FORMAT = "dwarf-with-dsym";
				ENABLE_NS_ASSERTIONS = NO;
				ENABLE_STRICT_OBJC_MSGSEND = YES;
				GCC_C_LANGUAGE_STANDARD = gnu11;
				GCC_NO_COMMON_BLOCKS = YES;
				GCC_WARN_64_TO_32_BIT_CONVERSION = YES;
				GCC_WARN_ABOUT_RETURN_TYPE = YES_ERROR;
				GCC_WARN_UNDECLARED_SELECTOR = YES;
				GCC_WARN_UNINITIALIZED_AUTOS = YES_AGGRESSIVE;
				GCC_WARN_UNUSED_FUNCTION = YES;
				GCC_WARN_UNUSED_VARIABLE = YES;
				IPHONEOS_DEPLOYMENT_TARGET = 16.4;
				MTL_ENABLE_DEBUG_INFO = NO;
				MTL_FAST_MATH = YES;
				SDKROOT = iphoneos;
				SWIFT_COMPILATION_MODE = wholemodule;
				SWIFT_OPTIMIZATION_LEVEL = "-O";
				VALIDATE_PRODUCT = YES;
			};
			name = Release;
		};
		2307843D2A981CD300B8317F /* Debug */ = {
			isa = XCBuildConfiguration;
			buildSettings = {
				ASSETCATALOG_COMPILER_APPICON_NAME = AppIcon;
				ASSETCATALOG_COMPILER_GLOBAL_ACCENT_COLOR_NAME = AccentColor;
				CODE_SIGN_STYLE = Automatic;
				CURRENT_PROJECT_VERSION = 1;
				DEVELOPMENT_TEAM = SS493YKAUL;
				GENERATE_INFOPLIST_FILE = YES;
				INFOPLIST_FILE = "Hackwich 1/Info.plist";
				INFOPLIST_KEY_UIApplicationSupportsIndirectInputEvents = YES;
				INFOPLIST_KEY_UILaunchStoryboardName = LaunchScreen;
				INFOPLIST_KEY_UIMainStoryboardFile = Main;
				INFOPLIST_KEY_UISupportedInterfaceOrientations_iPad = "UIInterfaceOrientationPortrait UIInterfaceOrientationPortraitUpsideDown UIInterfaceOrientationLandscapeLeft UIInterfaceOrientationLandscapeRight";
				INFOPLIST_KEY_UISupportedInterfaceOrientations_iPhone = "UIInterfaceOrientationPortrait UIInterfaceOrientationLandscapeLeft UIInterfaceOrientationLandscapeRight";
				LD_RUNPATH_SEARCH_PATHS = (
					"$(inherited)",
					"@executable_path/Frameworks",
				);
				MARKETING_VERSION = 1.0;
				PRODUCT_BUNDLE_IDENTIFIER = "UHWO.Hackwich-1";
				PRODUCT_NAME = "$(TARGET_NAME)";
				SWIFT_EMIT_LOC_STRINGS = YES;
				SWIFT_VERSION = 5.0;
				TARGETED_DEVICE_FAMILY = "1,2";
			};
			name = Debug;
		};
		2307843E2A981CD300B8317F /* Release */ = {
			isa = XCBuildConfiguration;
			buildSettings = {
				ASSETCATALOG_COMPILER_APPICON_NAME = AppIcon;
				ASSETCATALOG_COMPILER_GLOBAL_ACCENT_COLOR_NAME = AccentColor;
				CODE_SIGN_STYLE = Automatic;
				CURRENT_PROJECT_VERSION = 1;
				DEVELOPMENT_TEAM = SS493YKAUL;
				GENERATE_INFOPLIST_FILE = YES;
				INFOPLIST_FILE = "Hackwich 1/Info.plist";
				INFOPLIST_KEY_UIApplicationSupportsIndirectInputEvents = YES;
				INFOPLIST_KEY_UILaunchStoryboardName = LaunchScreen;
				INFOPLIST_KEY_UIMainStoryboardFile = Main;
				INFOPLIST_KEY_UISupportedInterfaceOrientations_iPad = "UIInterfaceOrientationPortrait UIInterfaceOrientationPortraitUpsideDown UIInterfaceOrientationLandscapeLeft UIInterfaceOrientationLandscapeRight";
				INFOPLIST_KEY_UISupportedInterfaceOrientations_iPhone = "UIInterfaceOrientationPortrait UIInterfaceOrientationLandscapeLeft UIInterfaceOrientationLandscapeRight";
				LD_RUNPATH_SEARCH_PATHS = (
					"$(inherited)",
					"@executable_path/Frameworks",
				);
				MARKETING_VERSION = 1.0;
				PRODUCT_BUNDLE_IDENTIFIER = "UHWO.Hackwich-1";
				PRODUCT_NAME = "$(TARGET_NAME)";
				SWIFT_EMIT_LOC_STRINGS = YES;
				SWIFT_VERSION = 5.0;
				TARGETED_DEVICE_FAMILY = "1,2";
			};
			name = Release;
		};
		230784402A981CD300B8317F /* Debug */ = {
			isa = XCBuildConfiguration;
			buildSettings = {
				ALWAYS_EMBED_SWIFT_STANDARD_LIBRARIES = YES;
				BUNDLE_LOADER = "$(TEST_HOST)";
				CODE_SIGN_STYLE = Automatic;
				CURRENT_PROJECT_VERSION = 1;
				DEVELOPMENT_TEAM = SS493YKAUL;
				GENERATE_INFOPLIST_FILE = YES;
				IPHONEOS_DEPLOYMENT_TARGET = 16.4;
				MARKETING_VERSION = 1.0;
				PRODUCT_BUNDLE_IDENTIFIER = "UHWO.Hackwich-1Tests";
				PRODUCT_NAME = "$(TARGET_NAME)";
				SWIFT_EMIT_LOC_STRINGS = NO;
				SWIFT_VERSION = 5.0;
				TARGETED_DEVICE_FAMILY = "1,2";
				TEST_HOST = "$(BUILT_PRODUCTS_DIR)/Hackwich 1.app/$(BUNDLE_EXECUTABLE_FOLDER_PATH)/Hackwich 1";
			};
			name = Debug;
		};
		230784412A981CD300B8317F /* Release */ = {
			isa = XCBuildConfiguration;
			buildSettings = {
				ALWAYS_EMBED_SWIFT_STANDARD_LIBRARIES = YES;
				BUNDLE_LOADER = "$(TEST_HOST)";
				CODE_SIGN_STYLE = Automatic;
				CURRENT_PROJECT_VERSION = 1;
				DEVELOPMENT_TEAM = SS493YKAUL;
				GENERATE_INFOPLIST_FILE = YES;
				IPHONEOS_DEPLOYMENT_TARGET = 16.4;
				MARKETING_VERSION = 1.0;
				PRODUCT_BUNDLE_IDENTIFIER = "UHWO.Hackwich-1Tests";
				PRODUCT_NAME = "$(TARGET_NAME)";
				SWIFT_EMIT_LOC_STRINGS = NO;
				SWIFT_VERSION = 5.0;
				TARGETED_DEVICE_FAMILY = "1,2";
				TEST_HOST = "$(BUILT_PRODUCTS_DIR)/Hackwich 1.app/$(BUNDLE_EXECUTABLE_FOLDER_PATH)/Hackwich 1";
			};
			name = Release;
		};
		230784432A981CD300B8317F /* Debug */ = {
			isa = XCBuildConfiguration;
			buildSettings = {
				ALWAYS_EMBED_SWIFT_STANDARD_LIBRARIES = YES;
				CODE_SIGN_STYLE = Automatic;
				CURRENT_PROJECT_VERSION = 1;
				DEVELOPMENT_TEAM = SS493YKAUL;
				GENERATE_INFOPLIST_FILE = YES;
				MARKETING_VERSION = 1.0;
				PRODUCT_BUNDLE_IDENTIFIER = "UHWO.Hackwich-1UITests";
				PRODUCT_NAME = "$(TARGET_NAME)";
				SWIFT_EMIT_LOC_STRINGS = NO;
				SWIFT_VERSION = 5.0;
				TARGETED_DEVICE_FAMILY = "1,2";
				TEST_TARGET_NAME = "Hackwich 1";
			};
			name = Debug;
		};
		230784442A981CD300B8317F /* Release */ = {
			isa = XCBuildConfiguration;
			buildSettings = {
				ALWAYS_EMBED_SWIFT_STANDARD_LIBRARIES = YES;
				CODE_SIGN_STYLE = Automatic;
				CURRENT_PROJECT_VERSION = 1;
				DEVELOPMENT_TEAM = SS493YKAUL;
				GENERATE_INFOPLIST_FILE = YES;
				MARKETING_VERSION = 1.0;
				PRODUCT_BUNDLE_IDENTIFIER = "UHWO.Hackwich-1UITests";
				PRODUCT_NAME = "$(TARGET_NAME)";
				SWIFT_EMIT_LOC_STRINGS = NO;
				SWIFT_VERSION = 5.0;
				TARGETED_DEVICE_FAMILY = "1,2";
				TEST_TARGET_NAME = "Hackwich 1";
			};
			name = Release;
		};
/* End XCBuildConfiguration section */

/* Begin XCConfigurationList section */
		2307840D2A981CD200B8317F /* Build configuration list for PBXProject "Hackwich 1" */ = {
			isa = XCConfigurationList;
			buildConfigurations = (
				2307843A2A981CD300B8317F /* Debug */,
				2307843B2A981CD300B8317F /* Release */,
			);
			defaultConfigurationIsVisible = 0;
			defaultConfigurationName = Release;
		};
		2307843C2A981CD300B8317F /* Build configuration list for PBXNativeTarget "Hackwich 1" */ = {
			isa = XCConfigurationList;
			buildConfigurations = (
				2307843D2A981CD300B8317F /* Debug */,
				2307843E2A981CD300B8317F /* Release */,
			);
			defaultConfigurationIsVisible = 0;
			defaultConfigurationName = Release;
		};
		2307843F2A981CD300B8317F /* Build configuration list for PBXNativeTarget "Hackwich 1Tests" */ = {
			isa = XCConfigurationList;
			buildConfigurations = (
				230784402A981CD300B8317F /* Debug */,
				230784412A981CD300B8317F /* Release */,
			);
			defaultConfigurationIsVisible = 0;
			defaultConfigurationName = Release;
		};
		230784422A981CD300B8317F /* Build configuration list for PBXNativeTarget "Hackwich 1UITests" */ = {
			isa = XCConfigurationList;
			buildConfigurations = (
				230784432A981CD300B8317F /* Debug */,
				230784442A981CD300B8317F /* Release */,
			);
			defaultConfigurationIsVisible = 0;
			defaultConfigurationName = Release;
		};
/* End XCConfigurationList section */
	};
	rootObject = 2307840A2A981CD200B8317F /* Project object */;
}
